{
  "nodes": {
    "cargo2nix": {
      "inputs": {
        "flake-compat": [
          "flake-compat"
        ],
        "flake-utils": "flake-utils",
        "nixpkgs": [
          "nixpkgs"
        ],
        "rust-overlay": "rust-overlay"
      },
      "locked": {
        "lastModified": 1666087781,
        "narHash": "sha256-trKVdjMZ8mNkGfLcY5LsJJGtdV3xJDZnMVrkFjErlcs=",
        "owner": "Alexis211",
        "repo": "cargo2nix",
        "rev": "a7a61179b66054904ef6a195d8da736eaaa06c36",
        "type": "github"
      },
      "original": {
        "owner": "Alexis211",
        "repo": "cargo2nix",
        "rev": "a7a61179b66054904ef6a195d8da736eaaa06c36",
        "type": "github"
      }
    },
    "flake-compat": {
      "locked": {
        "lastModified": 1717312683,
        "narHash": "sha256-FrlieJH50AuvagamEvWMIE6D2OAnERuDboFDYAED/dE=",
        "owner": "nix-community",
        "repo": "flake-compat",
        "rev": "38fd3954cf65ce6faf3d0d45cd26059e059f07ea",
        "type": "github"
      },
      "original": {
        "owner": "nix-community",
        "repo": "flake-compat",
        "type": "github"
      }
    },
    "flake-utils": {
      "locked": {
        "lastModified": 1659877975,
        "narHash": "sha256-zllb8aq3YO3h8B/U0/J1WBgAL8EX5yWf5pMj3G0NAmc=",
        "owner": "numtide",
        "repo": "flake-utils",
        "rev": "c0e246b9b83f637f4681389ecabcb2681b4f3af0",
        "type": "github"
      },
      "original": {
        "owner": "numtide",
        "repo": "flake-utils",
        "type": "github"
      }
    },
    "nixpkgs": {
      "locked": {
        "lastModified": 1724681257,
        "narHash": "sha256-EJRuc5Qp7yfXko5ZNeEMYAs4DzAvkCyALuJ/tGllhN4=",
        "owner": "NixOS",
        "repo": "nixpkgs",
        "rev": "0239aeb2f82ea27ccd6b61582b8f7fb8750eeada",
        "type": "github"
      },
      "original": {
        "owner": "NixOS",
        "repo": "nixpkgs",
        "rev": "0239aeb2f82ea27ccd6b61582b8f7fb8750eeada",
        "type": "github"
      }
    },
    "root": {
      "inputs": {
        "cargo2nix": "cargo2nix",
        "flake-compat": "flake-compat",
        "flake-utils": [
          "cargo2nix",
          "flake-utils"
        ],
        "nixpkgs": "nixpkgs"
      }
    },
    "rust-overlay": {
      "inputs": {
        "nixpkgs": [
          "cargo2nix",
          "nixpkgs"
        ]
      },
      "locked": {
        "lastModified": 1724638882,
        "narHash": "sha256-ap2jIQi/FuUHR6HCht6ASWhoz8EiB99XmI8Esot38VE=",
        "owner": "oxalica",
        "repo": "rust-overlay",
        "rev": "19b70f147b9c67a759e35824b241f1ed92e46694",
        "type": "github"
      },
      "original": {
        "owner": "oxalica",
        "repo": "rust-overlay",
        "rev": "19b70f147b9c67a759e35824b241f1ed92e46694",
        "type": "github"
      }
    }
  },
  "root": "root",
  "version": 7
}
